
Microsoft Visual Studio Solution File, Format Version 12.00
Project("{FAE04EC0-301F-11D3-BF4B-00C04F79EFBC}") = "CameraPlus", "CameraPlus.csproj", "{EB29D3F0-3BC0-4459-9269-C9DA0F3FCD1A}"
EndProject
Global
	GlobalSection(SolutionConfigurationPlatforms) = preSolution
		Debug|Any CPU = Debug|Any CPU
		Release|Any CPU = Release|Any CPU
	EndGlobalSection
	GlobalSection(ProjectConfigurationPlatforms) = postSolution
		{EB29D3F0-3BC0-4459-9269-C9DA0F3FCD1A}.Debug|Any CPU.ActiveCfg = Debug|Any CPU
		{EB29D3F0-3BC0-4459-9269-C9DA0F3FCD1A}.Debug|Any CPU.Build.0 = Debug|Any CPU
		{EB29D3F0-3BC0-4459-9269-C9DA0F3FCD1A}.Release|Any CPU.ActiveCfg = Release|Any CPU
		{EB29D3F0-3BC0-4459-9269-C9DA0F3FCD1A}.Release|Any CPU.Build.0 = Release|Any CPU
	EndGlobalSection
EndGlobal
